// !$*UTF8*$!
{
	archiveVersion = 1;
	classes = {
	};
	objectVersion = 50;
	objects = {

/* Begin PBXBuildFile section */
		3595E143E94681FF051F75B9 /* Pods_MyDog.framework in Frameworks */ = {isa = PBXBuildFile; fileRef = 49876441D5999746153268C9 /* Pods_MyDog.framework */; };
		98164F7524A3423C006EDFDE /* Remainders.storyboard in Resources */ = {isa = PBXBuildFile; fileRef = 98164F7324A3423C006EDFDE /* Remainders.storyboard */; };
		98164F7724A342AA006EDFDE /* Events.storyboard in Resources */ = {isa = PBXBuildFile; fileRef = 98164F7624A342AA006EDFDE /* Events.storyboard */; };
		98164F7C24A34359006EDFDE /* Info.storyboard in Resources */ = {isa = PBXBuildFile; fileRef = 98164F7B24A34359006EDFDE /* Info.storyboard */; };
		98164F7F24A34398006EDFDE /* NewsFeed.storyboard in Resources */ = {isa = PBXBuildFile; fileRef = 98164F7D24A34398006EDFDE /* NewsFeed.storyboard */; };
		98164F8124A35350006EDFDE /* InfoViewController.swift in Sources */ = {isa = PBXBuildFile; fileRef = 98164F8024A35350006EDFDE /* InfoViewController.swift */; };
		98164F8324A38B34006EDFDE /* InfoTableViewCell.swift in Sources */ = {isa = PBXBuildFile; fileRef = 98164F8224A38B34006EDFDE /* InfoTableViewCell.swift */; };
		98164F8524A38C46006EDFDE /* InfoModel.swift in Sources */ = {isa = PBXBuildFile; fileRef = 98164F8424A38C46006EDFDE /* InfoModel.swift */; };
		98164F8E24AA09EB006EDFDE /* EventsViewController.swift in Sources */ = {isa = PBXBuildFile; fileRef = 98164F8D24AA09EB006EDFDE /* EventsViewController.swift */; };
		98164F9024AA0A08006EDFDE /* EventCell.swift in Sources */ = {isa = PBXBuildFile; fileRef = 98164F8F24AA0A08006EDFDE /* EventCell.swift */; };
		98164F9224AA0B49006EDFDE /* EventsModel.swift in Sources */ = {isa = PBXBuildFile; fileRef = 98164F9124AA0B49006EDFDE /* EventsModel.swift */; };
		98164F9424AA233B006EDFDE /* EventInfoViewController.swift in Sources */ = {isa = PBXBuildFile; fileRef = 98164F9324AA233B006EDFDE /* EventInfoViewController.swift */; };
		98164F9724AB3AC0006EDFDE /* DogsEvent.swift in Sources */ = {isa = PBXBuildFile; fileRef = 98164F9624AB3AC0006EDFDE /* DogsEvent.swift */; };
		98164F9A24AB5389006EDFDE /* NewFeedTableViewCell.swift in Sources */ = {isa = PBXBuildFile; fileRef = 98164F9824AB5389006EDFDE /* NewFeedTableViewCell.swift */; };
		98164F9B24AB5389006EDFDE /* NewFeedTableViewCell.xib in Resources */ = {isa = PBXBuildFile; fileRef = 98164F9924AB5389006EDFDE /* NewFeedTableViewCell.xib */; };
		98164F9D24AE0C5F006EDFDE /* NewEventViewController.swift in Sources */ = {isa = PBXBuildFile; fileRef = 98164F9C24AE0C5F006EDFDE /* NewEventViewController.swift */; };
		98164FA424AF1AE9006EDFDE /* RemaindersViewController.swift in Sources */ = {isa = PBXBuildFile; fileRef = 98164FA324AF1AE9006EDFDE /* RemaindersViewController.swift */; };
		98164FA624B32582006EDFDE /* RemainderInfoViewController.swift in Sources */ = {isa = PBXBuildFile; fileRef = 98164FA524B32582006EDFDE /* RemainderInfoViewController.swift */; };
		98164FAA24B37281006EDFDE /* Remainders.swift in Sources */ = {isa = PBXBuildFile; fileRef = 98164FA924B37281006EDFDE /* Remainders.swift */; };
		98164FAF24B489F5006EDFDE /* RemainderTableViewCell.swift in Sources */ = {isa = PBXBuildFile; fileRef = 98164FAD24B489F5006EDFDE /* RemainderTableViewCell.swift */; };
		98164FB024B489F5006EDFDE /* RemainderTableViewCell.xib in Resources */ = {isa = PBXBuildFile; fileRef = 98164FAE24B489F5006EDFDE /* RemainderTableViewCell.xib */; };
		98164FB424BCF05C006EDFDE /* RemainderStore.swift in Sources */ = {isa = PBXBuildFile; fileRef = 98164FB324BCF05C006EDFDE /* RemainderStore.swift */; };
		98FDD21A2497642F001BAD93 /* AppDelegate.swift in Sources */ = {isa = PBXBuildFile; fileRef = 98FDD2192497642F001BAD93 /* AppDelegate.swift */; };
		98FDD21E2497642F001BAD93 /* FirstViewController.swift in Sources */ = {isa = PBXBuildFile; fileRef = 98FDD21D2497642F001BAD93 /* FirstViewController.swift */; };
		98FDD2212497642F001BAD93 /* Main.storyboard in Resources */ = {isa = PBXBuildFile; fileRef = 98FDD21F2497642F001BAD93 /* Main.storyboard */; };
		98FDD2242497642F001BAD93 /* MyDog.xcdatamodeld in Sources */ = {isa = PBXBuildFile; fileRef = 98FDD2222497642F001BAD93 /* MyDog.xcdatamodeld */; };
		98FDD22624976437001BAD93 /* Assets.xcassets in Resources */ = {isa = PBXBuildFile; fileRef = 98FDD22524976437001BAD93 /* Assets.xcassets */; };
		98FDD22924976437001BAD93 /* LaunchScreen.storyboard in Resources */ = {isa = PBXBuildFile; fileRef = 98FDD22724976437001BAD93 /* LaunchScreen.storyboard */; };
		98FDD241249BAB8B001BAD93 /* AddPhotoViewController.swift in Sources */ = {isa = PBXBuildFile; fileRef = 98FDD240249BAB8B001BAD93 /* AddPhotoViewController.swift */; };
		98FDD243249BB999001BAD93 /* DogModel.swift in Sources */ = {isa = PBXBuildFile; fileRef = 98FDD242249BB999001BAD93 /* DogModel.swift */; };
		98FDD24E24A0E087001BAD93 /* TabBarViewController.swift in Sources */ = {isa = PBXBuildFile; fileRef = 98FDD24D24A0E087001BAD93 /* TabBarViewController.swift */; };
		98FDD25B24A0E2DD001BAD93 /* Settings.storyboard in Resources */ = {isa = PBXBuildFile; fileRef = 98FDD25924A0E2DD001BAD93 /* Settings.storyboard */; };
		98FDD25D24A0F71C001BAD93 /* NewFeedViewController.swift in Sources */ = {isa = PBXBuildFile; fileRef = 98FDD25C24A0F71C001BAD93 /* NewFeedViewController.swift */; };
/* End PBXBuildFile section */

/* Begin PBXFileReference section */
		2FC0B11B944490884D1ED8F0 /* Pods-MyDog.release.xcconfig */ = {isa = PBXFileReference; includeInIndex = 1; lastKnownFileType = text.xcconfig; name = "Pods-MyDog.release.xcconfig"; path = "Target Support Files/Pods-MyDog/Pods-MyDog.release.xcconfig"; sourceTree = "<group>"; };
		49876441D5999746153268C9 /* Pods_MyDog.framework */ = {isa = PBXFileReference; explicitFileType = wrapper.framework; includeInIndex = 0; path = Pods_MyDog.framework; sourceTree = BUILT_PRODUCTS_DIR; };
		98164F7424A3423C006EDFDE /* Base */ = {isa = PBXFileReference; lastKnownFileType = file.storyboard; name = Base; path = MyDog/Base.lproj/Remainders.storyboard; sourceTree = "<group>"; };
		98164F7624A342AA006EDFDE /* Events.storyboard */ = {isa = PBXFileReference; fileEncoding = 4; lastKnownFileType = file.storyboard; path = Events.storyboard; sourceTree = "<group>"; };
		98164F7B24A34359006EDFDE /* Info.storyboard */ = {isa = PBXFileReference; fileEncoding = 4; lastKnownFileType = file.storyboard; path = Info.storyboard; sourceTree = "<group>"; };
		98164F7E24A34398006EDFDE /* Base */ = {isa = PBXFileReference; lastKnownFileType = file.storyboard; name = Base; path = MyDog/Base.lproj/NewsFeed.storyboard; sourceTree = "<group>"; };
		98164F8024A35350006EDFDE /* InfoViewController.swift */ = {isa = PBXFileReference; lastKnownFileType = sourcecode.swift; path = InfoViewController.swift; sourceTree = "<group>"; };
		98164F8224A38B34006EDFDE /* InfoTableViewCell.swift */ = {isa = PBXFileReference; lastKnownFileType = sourcecode.swift; path = InfoTableViewCell.swift; sourceTree = "<group>"; };
		98164F8424A38C46006EDFDE /* InfoModel.swift */ = {isa = PBXFileReference; lastKnownFileType = sourcecode.swift; path = InfoModel.swift; sourceTree = "<group>"; };
		98164F8D24AA09EB006EDFDE /* EventsViewController.swift */ = {isa = PBXFileReference; lastKnownFileType = sourcecode.swift; path = EventsViewController.swift; sourceTree = "<group>"; };
		98164F8F24AA0A08006EDFDE /* EventCell.swift */ = {isa = PBXFileReference; lastKnownFileType = sourcecode.swift; path = EventCell.swift; sourceTree = "<group>"; };
		98164F9124AA0B49006EDFDE /* EventsModel.swift */ = {isa = PBXFileReference; lastKnownFileType = sourcecode.swift; path = EventsModel.swift; sourceTree = "<group>"; };
		98164F9324AA233B006EDFDE /* EventInfoViewController.swift */ = {isa = PBXFileReference; lastKnownFileType = sourcecode.swift; path = EventInfoViewController.swift; sourceTree = "<group>"; };
		98164F9624AB3AC0006EDFDE /* DogsEvent.swift */ = {isa = PBXFileReference; lastKnownFileType = sourcecode.swift; path = DogsEvent.swift; sourceTree = "<group>"; };
		98164F9824AB5389006EDFDE /* NewFeedTableViewCell.swift */ = {isa = PBXFileReference; lastKnownFileType = sourcecode.swift; path = NewFeedTableViewCell.swift; sourceTree = "<group>"; };
		98164F9924AB5389006EDFDE /* NewFeedTableViewCell.xib */ = {isa = PBXFileReference; lastKnownFileType = file.xib; path = NewFeedTableViewCell.xib; sourceTree = "<group>"; };
		98164F9C24AE0C5F006EDFDE /* NewEventViewController.swift */ = {isa = PBXFileReference; lastKnownFileType = sourcecode.swift; path = NewEventViewController.swift; sourceTree = "<group>"; };
		98164FA324AF1AE9006EDFDE /* RemaindersViewController.swift */ = {isa = PBXFileReference; lastKnownFileType = sourcecode.swift; path = RemaindersViewController.swift; sourceTree = "<group>"; };
		98164FA524B32582006EDFDE /* RemainderInfoViewController.swift */ = {isa = PBXFileReference; lastKnownFileType = sourcecode.swift; path = RemainderInfoViewController.swift; sourceTree = "<group>"; };
		98164FA924B37281006EDFDE /* Remainders.swift */ = {isa = PBXFileReference; lastKnownFileType = sourcecode.swift; path = Remainders.swift; sourceTree = "<group>"; };
		98164FAD24B489F5006EDFDE /* RemainderTableViewCell.swift */ = {isa = PBXFileReference; lastKnownFileType = sourcecode.swift; path = RemainderTableViewCell.swift; sourceTree = "<group>"; };
		98164FAE24B489F5006EDFDE /* RemainderTableViewCell.xib */ = {isa = PBXFileReference; lastKnownFileType = file.xib; path = RemainderTableViewCell.xib; sourceTree = "<group>"; };
		98164FB324BCF05C006EDFDE /* RemainderStore.swift */ = {isa = PBXFileReference; lastKnownFileType = sourcecode.swift; path = RemainderStore.swift; sourceTree = "<group>"; };
		98FDD2162497642F001BAD93 /* MyDog.app */ = {isa = PBXFileReference; explicitFileType = wrapper.application; includeInIndex = 0; path = MyDog.app; sourceTree = BUILT_PRODUCTS_DIR; };
		98FDD2192497642F001BAD93 /* AppDelegate.swift */ = {isa = PBXFileReference; lastKnownFileType = sourcecode.swift; path = AppDelegate.swift; sourceTree = "<group>"; };
		98FDD21D2497642F001BAD93 /* FirstViewController.swift */ = {isa = PBXFileReference; lastKnownFileType = sourcecode.swift; path = FirstViewController.swift; sourceTree = "<group>"; };
		98FDD2202497642F001BAD93 /* Base */ = {isa = PBXFileReference; lastKnownFileType = file.storyboard; name = Base; path = Base.lproj/Main.storyboard; sourceTree = "<group>"; };
		98FDD2232497642F001BAD93 /* MyDog.xcdatamodel */ = {isa = PBXFileReference; lastKnownFileType = wrapper.xcdatamodel; path = MyDog.xcdatamodel; sourceTree = "<group>"; };
		98FDD22524976437001BAD93 /* Assets.xcassets */ = {isa = PBXFileReference; lastKnownFileType = folder.assetcatalog; path = Assets.xcassets; sourceTree = "<group>"; };
		98FDD22824976437001BAD93 /* Base */ = {isa = PBXFileReference; lastKnownFileType = file.storyboard; name = Base; path = Base.lproj/LaunchScreen.storyboard; sourceTree = "<group>"; };
		98FDD22A24976437001BAD93 /* Info.plist */ = {isa = PBXFileReference; lastKnownFileType = text.plist.xml; path = Info.plist; sourceTree = "<group>"; };
		98FDD240249BAB8B001BAD93 /* AddPhotoViewController.swift */ = {isa = PBXFileReference; lastKnownFileType = sourcecode.swift; path = AddPhotoViewController.swift; sourceTree = "<group>"; };
		98FDD242249BB999001BAD93 /* DogModel.swift */ = {isa = PBXFileReference; lastKnownFileType = sourcecode.swift; path = DogModel.swift; sourceTree = "<group>"; };
		98FDD24D24A0E087001BAD93 /* TabBarViewController.swift */ = {isa = PBXFileReference; lastKnownFileType = sourcecode.swift; path = TabBarViewController.swift; sourceTree = "<group>"; };
		98FDD25A24A0E2DD001BAD93 /* Base */ = {isa = PBXFileReference; lastKnownFileType = file.storyboard; name = Base; path = MyDog/Base.lproj/Settings.storyboard; sourceTree = "<group>"; };
		98FDD25C24A0F71C001BAD93 /* NewFeedViewController.swift */ = {isa = PBXFileReference; lastKnownFileType = sourcecode.swift; path = NewFeedViewController.swift; sourceTree = "<group>"; };
		F2DEE669E2B50E0961BA3588 /* Pods-MyDog.debug.xcconfig */ = {isa = PBXFileReference; includeInIndex = 1; lastKnownFileType = text.xcconfig; name = "Pods-MyDog.debug.xcconfig"; path = "Target Support Files/Pods-MyDog/Pods-MyDog.debug.xcconfig"; sourceTree = "<group>"; };
/* End PBXFileReference section */

/* Begin PBXFrameworksBuildPhase section */
		98FDD2132497642F001BAD93 /* Frameworks */ = {
			isa = PBXFrameworksBuildPhase;
			buildActionMask = 2147483647;
			files = (
				3595E143E94681FF051F75B9 /* Pods_MyDog.framework in Frameworks */,
			);
			runOnlyForDeploymentPostprocessing = 0;
		};
/* End PBXFrameworksBuildPhase section */

/* Begin PBXGroup section */
		2309521EB340B9EF3ECBF1E8 /* Pods */ = {
			isa = PBXGroup;
			children = (
				F2DEE669E2B50E0961BA3588 /* Pods-MyDog.debug.xcconfig */,
				2FC0B11B944490884D1ED8F0 /* Pods-MyDog.release.xcconfig */,
			);
			path = Pods;
			sourceTree = "<group>";
		};
		5DC6B3A3478293B1D7135828 /* Frameworks */ = {
			isa = PBXGroup;
			children = (
				49876441D5999746153268C9 /* Pods_MyDog.framework */,
			);
			name = Frameworks;
			sourceTree = "<group>";
		};
		98164F8C24A9E778006EDFDE /* Events */ = {
			isa = PBXGroup;
			children = (
				98164F9F24AE0C81006EDFDE /* Controllers */,
				98164F9E24AE0C68006EDFDE /* Views */,
				98164F9524AB3A96006EDFDE /* Models */,
			);
			path = Events;
			sourceTree = "<group>";
		};
		98164F9524AB3A96006EDFDE /* Models */ = {
			isa = PBXGroup;
			children = (
				98164F9124AA0B49006EDFDE /* EventsModel.swift */,
				98164F9624AB3AC0006EDFDE /* DogsEvent.swift */,
			);
			path = Models;
			sourceTree = "<group>";
		};
		98164F9E24AE0C68006EDFDE /* Views */ = {
			isa = PBXGroup;
			children = (
				98164F7624A342AA006EDFDE /* Events.storyboard */,
				98164F8F24AA0A08006EDFDE /* EventCell.swift */,
			);
			path = Views;
			sourceTree = "<group>";
		};
		98164F9F24AE0C81006EDFDE /* Controllers */ = {
			isa = PBXGroup;
			children = (
				98164F8D24AA09EB006EDFDE /* EventsViewController.swift */,
				98164F9324AA233B006EDFDE /* EventInfoViewController.swift */,
				98164F9C24AE0C5F006EDFDE /* NewEventViewController.swift */,
			);
			path = Controllers;
			sourceTree = "<group>";
		};
		98164FA024AF1A1C006EDFDE /* Remainders */ = {
			isa = PBXGroup;
			children = (
				98164FB124B4C039006EDFDE /* Controllers */,
				98164FB224B4C061006EDFDE /* Models */,
				98164F7324A3423C006EDFDE /* Remainders.storyboard */,
				98164FAD24B489F5006EDFDE /* RemainderTableViewCell.swift */,
				98164FAE24B489F5006EDFDE /* RemainderTableViewCell.xib */,
			);
			path = Remainders;
			sourceTree = "<group>";
		};
		98164FA124AF1A4D006EDFDE /* First Screens */ = {
			isa = PBXGroup;
			children = (
				98FDD21D2497642F001BAD93 /* FirstViewController.swift */,
				98FDD240249BAB8B001BAD93 /* AddPhotoViewController.swift */,
				98FDD242249BB999001BAD93 /* DogModel.swift */,
			);
			path = "First Screens";
			sourceTree = "<group>";
		};
		98164FA224AF1A7D006EDFDE /* Settings */ = {
			isa = PBXGroup;
			children = (
				98FDD25924A0E2DD001BAD93 /* Settings.storyboard */,
			);
			path = Settings;
			sourceTree = "<group>";
		};
		98164FB124B4C039006EDFDE /* Controllers */ = {
			isa = PBXGroup;
			children = (
				98164FA324AF1AE9006EDFDE /* RemaindersViewController.swift */,
				98164FA524B32582006EDFDE /* RemainderInfoViewController.swift */,
			);
			path = Controllers;
			sourceTree = "<group>";
		};
		98164FB224B4C061006EDFDE /* Models */ = {
			isa = PBXGroup;
			children = (
				98164FA924B37281006EDFDE /* Remainders.swift */,
				98164FB324BCF05C006EDFDE /* RemainderStore.swift */,
			);
			path = Models;
			sourceTree = "<group>";
		};
		98FDD20D2497642F001BAD93 = {
			isa = PBXGroup;
			children = (
				98FDD2182497642F001BAD93 /* MyDog */,
				98FDD2172497642F001BAD93 /* Products */,
				2309521EB340B9EF3ECBF1E8 /* Pods */,
				5DC6B3A3478293B1D7135828 /* Frameworks */,
			);
			sourceTree = "<group>";
		};
		98FDD2172497642F001BAD93 /* Products */ = {
			isa = PBXGroup;
			children = (
				98FDD2162497642F001BAD93 /* MyDog.app */,
			);
			name = Products;
			sourceTree = "<group>";
		};
		98FDD2182497642F001BAD93 /* MyDog */ = {
			isa = PBXGroup;
			children = (
				98164FA124AF1A4D006EDFDE /* First Screens */,
				98FDD25E24A0F9F4001BAD93 /* New Feed */,
				98FDD25F24A1EBD4001BAD93 /* Info */,
				98164F8C24A9E778006EDFDE /* Events */,
				98164FA024AF1A1C006EDFDE /* Remainders */,
				98164FA224AF1A7D006EDFDE /* Settings */,
				98FDD2192497642F001BAD93 /* AppDelegate.swift */,
				98FDD24D24A0E087001BAD93 /* TabBarViewController.swift */,
				98FDD21F2497642F001BAD93 /* Main.storyboard */,
				98FDD22524976437001BAD93 /* Assets.xcassets */,
				98FDD22724976437001BAD93 /* LaunchScreen.storyboard */,
				98FDD22A24976437001BAD93 /* Info.plist */,
				98FDD2222497642F001BAD93 /* MyDog.xcdatamodeld */,
			);
			path = MyDog;
			sourceTree = "<group>";
		};
		98FDD25E24A0F9F4001BAD93 /* New Feed */ = {
			isa = PBXGroup;
			children = (
				98FDD25C24A0F71C001BAD93 /* NewFeedViewController.swift */,
				98164F7D24A34398006EDFDE /* NewsFeed.storyboard */,
				98164F9824AB5389006EDFDE /* NewFeedTableViewCell.swift */,
				98164F9924AB5389006EDFDE /* NewFeedTableViewCell.xib */,
			);
			path = "New Feed";
			sourceTree = "<group>";
		};
		98FDD25F24A1EBD4001BAD93 /* Info */ = {
			isa = PBXGroup;
			children = (
				98164F8024A35350006EDFDE /* InfoViewController.swift */,
				98164F8224A38B34006EDFDE /* InfoTableViewCell.swift */,
				98164F7B24A34359006EDFDE /* Info.storyboard */,
				98164F8424A38C46006EDFDE /* InfoModel.swift */,
			);
			path = Info;
			sourceTree = "<group>";
		};
/* End PBXGroup section */

/* Begin PBXNativeTarget section */
		98FDD2152497642F001BAD93 /* MyDog */ = {
			isa = PBXNativeTarget;
			buildConfigurationList = 98FDD22D24976437001BAD93 /* Build configuration list for PBXNativeTarget "MyDog" */;
			buildPhases = (
				EA80AA67411D331C25B2395A /* [CP] Check Pods Manifest.lock */,
				98FDD2122497642F001BAD93 /* Sources */,
				98FDD2132497642F001BAD93 /* Frameworks */,
				98FDD2142497642F001BAD93 /* Resources */,
			);
			buildRules = (
			);
			dependencies = (
			);
			name = MyDog;
			productName = MyDog;
			productReference = 98FDD2162497642F001BAD93 /* MyDog.app */;
			productType = "com.apple.product-type.application";
		};
/* End PBXNativeTarget section */

/* Begin PBXProject section */
		98FDD20E2497642F001BAD93 /* Project object */ = {
			isa = PBXProject;
			attributes = {
				LastSwiftUpdateCheck = 1140;
				LastUpgradeCheck = 1140;
				ORGANIZATIONNAME = SashaShch;
				TargetAttributes = {
					98FDD2152497642F001BAD93 = {
						CreatedOnToolsVersion = 11.4;
					};
				};
			};
			buildConfigurationList = 98FDD2112497642F001BAD93 /* Build configuration list for PBXProject "MyDog" */;
			compatibilityVersion = "Xcode 9.3";
			developmentRegion = en;
			hasScannedForEncodings = 0;
			knownRegions = (
				en,
				Base,
			);
			mainGroup = 98FDD20D2497642F001BAD93;
			productRefGroup = 98FDD2172497642F001BAD93 /* Products */;
			projectDirPath = "";
			projectRoot = "";
			targets = (
				98FDD2152497642F001BAD93 /* MyDog */,
			);
		};
/* End PBXProject section */

/* Begin PBXResourcesBuildPhase section */
		98FDD2142497642F001BAD93 /* Resources */ = {
			isa = PBXResourcesBuildPhase;
			buildActionMask = 2147483647;
			files = (
				98164F7524A3423C006EDFDE /* Remainders.storyboard in Resources */,
				98164FB024B489F5006EDFDE /* RemainderTableViewCell.xib in Resources */,
				98164F7C24A34359006EDFDE /* Info.storyboard in Resources */,
				98FDD22924976437001BAD93 /* LaunchScreen.storyboard in Resources */,
				98164F7F24A34398006EDFDE /* NewsFeed.storyboard in Resources */,
				98FDD22624976437001BAD93 /* Assets.xcassets in Resources */,
				98FDD25B24A0E2DD001BAD93 /* Settings.storyboard in Resources */,
				98164F9B24AB5389006EDFDE /* NewFeedTableViewCell.xib in Resources */,
				98FDD2212497642F001BAD93 /* Main.storyboard in Resources */,
				98164F7724A342AA006EDFDE /* Events.storyboard in Resources */,
			);
			runOnlyForDeploymentPostprocessing = 0;
		};
/* End PBXResourcesBuildPhase section */

/* Begin PBXShellScriptBuildPhase section */
		EA80AA67411D331C25B2395A /* [CP] Check Pods Manifest.lock */ = {
			isa = PBXShellScriptBuildPhase;
			buildActionMask = 2147483647;
			files = (
			);
			inputFileListPaths = (
			);
			inputPaths = (
				"${PODS_PODFILE_DIR_PATH}/Podfile.lock",
				"${PODS_ROOT}/Manifest.lock",
			);
			name = "[CP] Check Pods Manifest.lock";
			outputFileListPaths = (
			);
			outputPaths = (
				"$(DERIVED_FILE_DIR)/Pods-MyDog-checkManifestLockResult.txt",
			);
			runOnlyForDeploymentPostprocessing = 0;
			shellPath = /bin/sh;
			shellScript = "diff \"${PODS_PODFILE_DIR_PATH}/Podfile.lock\" \"${PODS_ROOT}/Manifest.lock\" > /dev/null\nif [ $? != 0 ] ; then\n    # print error to STDERR\n    echo \"error: The sandbox is not in sync with the Podfile.lock. Run 'pod install' or update your CocoaPods installation.\" >&2\n    exit 1\nfi\n# This output is used by Xcode 'outputs' to avoid re-running this script phase.\necho \"SUCCESS\" > \"${SCRIPT_OUTPUT_FILE_0}\"\n";
			showEnvVarsInLog = 0;
		};
/* End PBXShellScriptBuildPhase section */

/* Begin PBXSourcesBuildPhase section */
		98FDD2122497642F001BAD93 /* Sources */ = {
			isa = PBXSourcesBuildPhase;
			buildActionMask = 2147483647;
			files = (
				98164FA424AF1AE9006EDFDE /* RemaindersViewController.swift in Sources */,
				98164F9224AA0B49006EDFDE /* EventsModel.swift in Sources */,
				98164F8E24AA09EB006EDFDE /* EventsViewController.swift in Sources */,
				98164FAF24B489F5006EDFDE /* RemainderTableViewCell.swift in Sources */,
				98FDD243249BB999001BAD93 /* DogModel.swift in Sources */,
				98FDD21E2497642F001BAD93 /* FirstViewController.swift in Sources */,
				98FDD241249BAB8B001BAD93 /* AddPhotoViewController.swift in Sources */,
				98164F9024AA0A08006EDFDE /* EventCell.swift in Sources */,
				98164F9D24AE0C5F006EDFDE /* NewEventViewController.swift in Sources */,
				98164FB424BCF05C006EDFDE /* RemainderStore.swift in Sources */,
				98164F9A24AB5389006EDFDE /* NewFeedTableViewCell.swift in Sources */,
				98164F8324A38B34006EDFDE /* InfoTableViewCell.swift in Sources */,
				98FDD21A2497642F001BAD93 /* AppDelegate.swift in Sources */,
				98164F8524A38C46006EDFDE /* InfoModel.swift in Sources */,
				98164F9724AB3AC0006EDFDE /* DogsEvent.swift in Sources */,
				98164FAA24B37281006EDFDE /* Remainders.swift in Sources */,
				98FDD24E24A0E087001BAD93 /* TabBarViewController.swift in Sources */,
				98FDD25D24A0F71C001BAD93 /* NewFeedViewController.swift in Sources */,
				98164F9424AA233B006EDFDE /* EventInfoViewController.swift in Sources */,
				98164FA624B32582006EDFDE /* RemainderInfoViewController.swift in Sources */,
				98164F8124A35350006EDFDE /* InfoViewController.swift in Sources */,
				98FDD2242497642F001BAD93 /* MyDog.xcdatamodeld in Sources */,
			);
			runOnlyForDeploymentPostprocessing = 0;
		};
/* End PBXSourcesBuildPhase section */

/* Begin PBXVariantGroup section */
		98164F7324A3423C006EDFDE /* Remainders.storyboard */ = {
			isa = PBXVariantGroup;
			children = (
				98164F7424A3423C006EDFDE /* Base */,
			);
			name = Remainders.storyboard;
			sourceTree = "<group>";
		};
		98164F7D24A34398006EDFDE /* NewsFeed.storyboard */ = {
			isa = PBXVariantGroup;
			children = (
				98164F7E24A34398006EDFDE /* Base */,
			);
			name = NewsFeed.storyboard;
			sourceTree = "<group>";
		};
		98FDD21F2497642F001BAD93 /* Main.storyboard */ = {
			isa = PBXVariantGroup;
			children = (
				98FDD2202497642F001BAD93 /* Base */,
			);
			name = Main.storyboard;
			sourceTree = "<group>";
		};
		98FDD22724976437001BAD93 /* LaunchScreen.storyboard */ = {
			isa = PBXVariantGroup;
			children = (
				98FDD22824976437001BAD93 /* Base */,
			);
			name = LaunchScreen.storyboard;
			sourceTree = "<group>";
		};
		98FDD25924A0E2DD001BAD93 /* Settings.storyboard */ = {
			isa = PBXVariantGroup;
			children = (
				98FDD25A24A0E2DD001BAD93 /* Base */,
			);
			name = Settings.storyboard;
			sourceTree = "<group>";
		};
/* End PBXVariantGroup section */

/* Begin XCBuildConfiguration section */
		98FDD22B24976437001BAD93 /* Debug */ = {
			isa = XCBuildConfiguration;
			buildSettings = {
				ALWAYS_SEARCH_USER_PATHS = NO;
				CLANG_ANALYZER_NONNULL = YES;
				CLANG_ANALYZER_NUMBER_OBJECT_CONVERSION = YES_AGGRESSIVE;
				CLANG_CXX_LANGUAGE_STANDARD = "gnu++14";
				CLANG_CXX_LIBRARY = "libc++";
				CLANG_ENABLE_MODULES = YES;
				CLANG_ENABLE_OBJC_ARC = YES;
				CLANG_ENABLE_OBJC_WEAK = YES;
				CLANG_WARN_BLOCK_CAPTURE_AUTORELEASING = YES;
				CLANG_WARN_BOOL_CONVERSION = YES;
				CLANG_WARN_COMMA = YES;
				CLANG_WARN_CONSTANT_CONVERSION = YES;
				CLANG_WARN_DEPRECATED_OBJC_IMPLEMENTATIONS = YES;
				CLANG_WARN_DIRECT_OBJC_ISA_USAGE = YES_ERROR;
				CLANG_WARN_DOCUMENTATION_COMMENTS = YES;
				CLANG_WARN_EMPTY_BODY = YES;
				CLANG_WARN_ENUM_CONVERSION = YES;
				CLANG_WARN_INFINITE_RECURSION = YES;
				CLANG_WARN_INT_CONVERSION = YES;
				CLANG_WARN_NON_LITERAL_NULL_CONVERSION = YES;
				CLANG_WARN_OBJC_IMPLICIT_RETAIN_SELF = YES;
				CLANG_WARN_OBJC_LITERAL_CONVERSION = YES;
				CLANG_WARN_OBJC_ROOT_CLASS = YES_ERROR;
				CLANG_WARN_RANGE_LOOP_ANALYSIS = YES;
				CLANG_WARN_STRICT_PROTOTYPES = YES;
				CLANG_WARN_SUSPICIOUS_MOVE = YES;
				CLANG_WARN_UNGUARDED_AVAILABILITY = YES_AGGRESSIVE;
				CLANG_WARN_UNREACHABLE_CODE = YES;
				CLANG_WARN__DUPLICATE_METHOD_MATCH = YES;
				COPY_PHASE_STRIP = NO;
				DEBUG_INFORMATION_FORMAT = dwarf;
				ENABLE_STRICT_OBJC_MSGSEND = YES;
				ENABLE_TESTABILITY = YES;
				GCC_C_LANGUAGE_STANDARD = gnu11;
				GCC_DYNAMIC_NO_PIC = NO;
				GCC_NO_COMMON_BLOCKS = YES;
				GCC_OPTIMIZATION_LEVEL = 0;
				GCC_PREPROCESSOR_DEFINITIONS = (
					"DEBUG=1",
					"$(inherited)",
				);
				GCC_WARN_64_TO_32_BIT_CONVERSION = YES;
				GCC_WARN_ABOUT_RETURN_TYPE = YES_ERROR;
				GCC_WARN_UNDECLARED_SELECTOR = YES;
				GCC_WARN_UNINITIALIZED_AUTOS = YES_AGGRESSIVE;
				GCC_WARN_UNUSED_FUNCTION = YES;
				GCC_WARN_UNUSED_VARIABLE = YES;
				IPHONEOS_DEPLOYMENT_TARGET = 13.4;
				MTL_ENABLE_DEBUG_INFO = INCLUDE_SOURCE;
				MTL_FAST_MATH = YES;
				ONLY_ACTIVE_ARCH = YES;
				SDKROOT = iphoneos;
				SWIFT_ACTIVE_COMPILATION_CONDITIONS = DEBUG;
				SWIFT_OPTIMIZATION_LEVEL = "-Onone";
			};
			name = Debug;
		};
		98FDD22C24976437001BAD93 /* Release */ = {
			isa = XCBuildConfiguration;
			buildSettings = {
				ALWAYS_SEARCH_USER_PATHS = NO;
				CLANG_ANALYZER_NONNULL = YES;
				CLANG_ANALYZER_NUMBER_OBJECT_CONVERSION = YES_AGGRESSIVE;
				CLANG_CXX_LANGUAGE_STANDARD = "gnu++14";
				CLANG_CXX_LIBRARY = "libc++";
				CLANG_ENABLE_MODULES = YES;
				CLANG_ENABLE_OBJC_ARC = YES;
				CLANG_ENABLE_OBJC_WEAK = YES;
				CLANG_WARN_BLOCK_CAPTURE_AUTORELEASING = YES;
				CLANG_WARN_BOOL_CONVERSION = YES;
				CLANG_WARN_COMMA = YES;
				CLANG_WARN_CONSTANT_CONVERSION = YES;
				CLANG_WARN_DEPRECATED_OBJC_IMPLEMENTATIONS = YES;
				CLANG_WARN_DIRECT_OBJC_ISA_USAGE = YES_ERROR;
				CLANG_WARN_DOCUMENTATION_COMMENTS = YES;
				CLANG_WARN_EMPTY_BODY = YES;
				CLANG_WARN_ENUM_CONVERSION = YES;
				CLANG_WARN_INFINITE_RECURSION = YES;
				CLANG_WARN_INT_CONVERSION = YES;
				CLANG_WARN_NON_LITERAL_NULL_CONVERSION = YES;
				CLANG_WARN_OBJC_IMPLICIT_RETAIN_SELF = YES;
				CLANG_WARN_OBJC_LITERAL_CONVERSION = YES;
				CLANG_WARN_OBJC_ROOT_CLASS = YES_ERROR;
				CLANG_WARN_RANGE_LOOP_ANALYSIS = YES;
				CLANG_WARN_STRICT_PROTOTYPES = YES;
				CLANG_WARN_SUSPICIOUS_MOVE = YES;
				CLANG_WARN_UNGUARDED_AVAILABILITY = YES_AGGRESSIVE;
				CLANG_WARN_UNREACHABLE_CODE = YES;
				CLANG_WARN__DUPLICATE_METHOD_MATCH = YES;
				COPY_PHASE_STRIP = NO;
				DEBUG_INFORMATION_FORMAT = "dwarf-with-dsym";
				ENABLE_NS_ASSERTIONS = NO;
				ENABLE_STRICT_OBJC_MSGSEND = YES;
				GCC_C_LANGUAGE_STANDARD = gnu11;
				GCC_NO_COMMON_BLOCKS = YES;
				GCC_WARN_64_TO_32_BIT_CONVERSION = YES;
				GCC_WARN_ABOUT_RETURN_TYPE = YES_ERROR;
				GCC_WARN_UNDECLARED_SELECTOR = YES;
				GCC_WARN_UNINITIALIZED_AUTOS = YES_AGGRESSIVE;
				GCC_WARN_UNUSED_FUNCTION = YES;
				GCC_WARN_UNUSED_VARIABLE = YES;
				IPHONEOS_DEPLOYMENT_TARGET = 13.4;
				MTL_ENABLE_DEBUG_INFO = NO;
				MTL_FAST_MATH = YES;
				SDKROOT = iphoneos;
				SWIFT_COMPILATION_MODE = wholemodule;
				SWIFT_OPTIMIZATION_LEVEL = "-O";
				VALIDATE_PRODUCT = YES;
			};
			name = Release;
		};
		98FDD22E24976437001BAD93 /* Debug */ = {
			isa = XCBuildConfiguration;
			baseConfigurationReference = F2DEE669E2B50E0961BA3588 /* Pods-MyDog.debug.xcconfig */;
			buildSettings = {
				ASSETCATALOG_COMPILER_APPICON_NAME = AppIcon;
				CODE_SIGN_STYLE = Automatic;
				DEVELOPMENT_TEAM = 74969M422Y;
				INFOPLIST_FILE = MyDog/Info.plist;
				LD_RUNPATH_SEARCH_PATHS = (
					"$(inherited)",
					"@executable_path/Frameworks",
				);
				PRODUCT_BUNDLE_IDENTIFIER = sashaShch.MyDog;
				PRODUCT_NAME = "$(TARGET_NAME)";
				SWIFT_VERSION = 5.0;
				TARGETED_DEVICE_FAMILY = "1,2";
			};
			name = Debug;
		};
		98FDD22F24976437001BAD93 /* Release */ = {
			isa = XCBuildConfiguration;
			baseConfigurationReference = 2FC0B11B944490884D1ED8F0 /* Pods-MyDog.release.xcconfig */;
			buildSettings = {
				ASSETCATALOG_COMPILER_APPICON_NAME = AppIcon;
				CODE_SIGN_STYLE = Automatic;
				DEVELOPMENT_TEAM = 74969M422Y;
				INFOPLIST_FILE = MyDog/Info.plist;
				LD_RUNPATH_SEARCH_PATHS = (
					"$(inherited)",
					"@executable_path/Frameworks",
				);
				PRODUCT_BUNDLE_IDENTIFIER = sashaShch.MyDog;
				PRODUCT_NAME = "$(TARGET_NAME)";
				SWIFT_VERSION = 5.0;
				TARGETED_DEVICE_FAMILY = "1,2";
			};
			name = Release;
		};
/* End XCBuildConfiguration section */

/* Begin XCConfigurationList section */
		98FDD2112497642F001BAD93 /* Build configuration list for PBXProject "MyDog" */ = {
			isa = XCConfigurationList;
			buildConfigurations = (
				98FDD22B24976437001BAD93 /* Debug */,
				98FDD22C24976437001BAD93 /* Release */,
			);
			defaultConfigurationIsVisible = 0;
			defaultConfigurationName = Release;
		};
		98FDD22D24976437001BAD93 /* Build configuration list for PBXNativeTarget "MyDog" */ = {
			isa = XCConfigurationList;
			buildConfigurations = (
				98FDD22E24976437001BAD93 /* Debug */,
				98FDD22F24976437001BAD93 /* Release */,
			);
			defaultConfigurationIsVisible = 0;
			defaultConfigurationName = Release;
		};
/* End XCConfigurationList section */

/* Begin XCVersionGroup section */
		98FDD2222497642F001BAD93 /* MyDog.xcdatamodeld */ = {
			isa = XCVersionGroup;
			children = (
				98FDD2232497642F001BAD93 /* MyDog.xcdatamodel */,
			);
			currentVersion = 98FDD2232497642F001BAD93 /* MyDog.xcdatamodel */;
			path = MyDog.xcdatamodeld;
			sourceTree = "<group>";
			versionGroupType = wrapper.xcdatamodel;
		};
/* End XCVersionGroup section */
	};
	rootObject = 98FDD20E2497642F001BAD93 /* Project object */;
}
